<?xml version="1.0" encoding="UTF-8"?>
<CodeBlocks_project_file>
	<FileVersion major="1" minor="6"/>
	<Project>
		<Option title="rpmalloc"/>
		<Option makefile_is_custom="1"/>
		<Option compiler="gcc"/>
		<Option virtualFolders="CMake Files\;"/>
		<Build>
			<Target title="all">
				<Option working_dir="/Users/cmo/repos/moontrade/rpmalloc-lib"/>
				<Option type="4"/>
				<MakeCommands>
					<Build command="/usr/bin/make -f &quot;/Users/cmo/repos/moontrade/rpmalloc-lib/Makefile&quot;  VERBOSE=1 all"/>
					<CompileFile command="/usr/bin/make -f &quot;/Users/cmo/repos/moontrade/rpmalloc-lib/Makefile&quot;  VERBOSE=1 &quot;$file&quot;"/>
					<Clean command="/usr/bin/make -f &quot;/Users/cmo/repos/moontrade/rpmalloc-lib/Makefile&quot;  VERBOSE=1 clean"/>
					<DistClean command="/usr/bin/make -f &quot;/Users/cmo/repos/moontrade/rpmalloc-lib/Makefile&quot;  VERBOSE=1 clean"/>
				</MakeCommands>
			</Target>
			<Target title="rebuild_cache">
				<Option working_dir="/Users/cmo/repos/moontrade/rpmalloc-lib"/>
				<Option type="4"/>
				<MakeCommands>
					<Build command="/usr/bin/make -f &quot;/Users/cmo/repos/moontrade/rpmalloc-lib/Makefile&quot;  VERBOSE=1 rebuild_cache"/>
					<CompileFile command="/usr/bin/make -f &quot;/Users/cmo/repos/moontrade/rpmalloc-lib/Makefile&quot;  VERBOSE=1 &quot;$file&quot;"/>
					<Clean command="/usr/bin/make -f &quot;/Users/cmo/repos/moontrade/rpmalloc-lib/Makefile&quot;  VERBOSE=1 clean"/>
					<DistClean command="/usr/bin/make -f &quot;/Users/cmo/repos/moontrade/rpmalloc-lib/Makefile&quot;  VERBOSE=1 clean"/>
				</MakeCommands>
			</Target>
			<Target title="edit_cache">
				<Option working_dir="/Users/cmo/repos/moontrade/rpmalloc-lib"/>
				<Option type="4"/>
				<MakeCommands>
					<Build command="/usr/bin/make -f &quot;/Users/cmo/repos/moontrade/rpmalloc-lib/Makefile&quot;  VERBOSE=1 edit_cache"/>
					<CompileFile command="/usr/bin/make -f &quot;/Users/cmo/repos/moontrade/rpmalloc-lib/Makefile&quot;  VERBOSE=1 &quot;$file&quot;"/>
					<Clean command="/usr/bin/make -f &quot;/Users/cmo/repos/moontrade/rpmalloc-lib/Makefile&quot;  VERBOSE=1 clean"/>
					<DistClean command="/usr/bin/make -f &quot;/Users/cmo/repos/moontrade/rpmalloc-lib/Makefile&quot;  VERBOSE=1 clean"/>
				</MakeCommands>
			</Target>
			<Target title="rpmalloc">
				<Option output="/Users/cmo/repos/moontrade/rpmalloc-lib/librpmalloc.dylib" prefix_auto="0" extension_auto="0"/>
				<Option working_dir="/Users/cmo/repos/moontrade/rpmalloc-lib"/>
				<Option object_output="./"/>
				<Option type="3"/>
				<Option compiler="gcc"/>
				<Compiler/>
				<MakeCommands>
					<Build command="/usr/bin/make -f &quot;/Users/cmo/repos/moontrade/rpmalloc-lib/Makefile&quot;  VERBOSE=1 rpmalloc"/>
					<CompileFile command="/usr/bin/make -f &quot;/Users/cmo/repos/moontrade/rpmalloc-lib/Makefile&quot;  VERBOSE=1 &quot;$file&quot;"/>
					<Clean command="/usr/bin/make -f &quot;/Users/cmo/repos/moontrade/rpmalloc-lib/Makefile&quot;  VERBOSE=1 clean"/>
					<DistClean command="/usr/bin/make -f &quot;/Users/cmo/repos/moontrade/rpmalloc-lib/Makefile&quot;  VERBOSE=1 clean"/>
				</MakeCommands>
			</Target>
			<Target title="rpmalloc/fast">
				<Option output="/Users/cmo/repos/moontrade/rpmalloc-lib/librpmalloc.dylib" prefix_auto="0" extension_auto="0"/>
				<Option working_dir="/Users/cmo/repos/moontrade/rpmalloc-lib"/>
				<Option object_output="./"/>
				<Option type="3"/>
				<Option compiler="gcc"/>
				<Compiler/>
				<MakeCommands>
					<Build command="/usr/bin/make -f &quot;/Users/cmo/repos/moontrade/rpmalloc-lib/Makefile&quot;  VERBOSE=1 rpmalloc/fast"/>
					<CompileFile command="/usr/bin/make -f &quot;/Users/cmo/repos/moontrade/rpmalloc-lib/Makefile&quot;  VERBOSE=1 &quot;$file&quot;"/>
					<Clean command="/usr/bin/make -f &quot;/Users/cmo/repos/moontrade/rpmalloc-lib/Makefile&quot;  VERBOSE=1 clean"/>
					<DistClean command="/usr/bin/make -f &quot;/Users/cmo/repos/moontrade/rpmalloc-lib/Makefile&quot;  VERBOSE=1 clean"/>
				</MakeCommands>
			</Target>
		</Build>
		<Unit filename="/Users/cmo/repos/moontrade/rpmalloc-lib/library.c">
			<Option target="rpmalloc"/>
		</Unit>
		<Unit filename="/Users/cmo/repos/moontrade/rpmalloc-lib/library.h">
			<Option target="rpmalloc"/>
		</Unit>
		<Unit filename="/Users/cmo/repos/moontrade/rpmalloc-lib/rpmalloc.c">
			<Option target="rpmalloc"/>
		</Unit>
		<Unit filename="/Users/cmo/repos/moontrade/rpmalloc-lib/rpmalloc.h">
			<Option target="rpmalloc"/>
		</Unit>
		<Unit filename="/Users/cmo/repos/moontrade/rpmalloc-lib/CMakeLists.txt">
			<Option virtualFolder="CMake Files\"/>
		</Unit>
	</Project>
</CodeBlocks_project_file>
